
Microsoft Visual Studio Solution File, Format Version 12.00
# Visual Studio Version 16
VisualStudioVersion = 16.0.32002.261
MinimumVisualStudioVersion = 10.0.40219.1
Project("{FAE04EC0-301F-11D3-BF4B-00C04F79EFBC}") = "LicenseGenerator", "E:\ProgrammingProjects\C#\LicenseGenerator\LicenseGenerator\LicenseGenerator.csproj", "{2DCAD380-0E34-4BEB-BAF0-1F225A2B1D4D}"
EndProject
Project("{FAE04EC0-301F-11D3-BF4B-00C04F79EFBC}") = "LicenseTester", "E:\ProgrammingProjects\C#\LicenseGenerator\LicenseTester\LicenseTester.csproj", "{DAA6D0E8-4F53-4852-8070-8A077FD88CF6}"
EndProject
Global
	GlobalSection(SolutionConfigurationPlatforms) = preSolution
		Debug|Any CPU = Debug|Any CPU
		Release|Any CPU = Release|Any CPU
	EndGlobalSection
	GlobalSection(ProjectConfigurationPlatforms) = postSolution
		{2DCAD380-0E34-4BEB-BAF0-1F225A2B1D4D}.Debug|Any CPU.ActiveCfg = Debug|Any CPU
		{2DCAD380-0E34-4BEB-BAF0-1F225A2B1D4D}.Debug|Any CPU.Build.0 = Debug|Any CPU
		{2DCAD380-0E34-4BEB-BAF0-1F225A2B1D4D}.Release|Any CPU.ActiveCfg = Release|Any CPU
		{2DCAD380-0E34-4BEB-BAF0-1F225A2B1D4D}.Release|Any CPU.Build.0 = Release|Any CPU
		{DAA6D0E8-4F53-4852-8070-8A077FD88CF6}.Debug|Any CPU.ActiveCfg = Debug|Any CPU
		{DAA6D0E8-4F53-4852-8070-8A077FD88CF6}.Debug|Any CPU.Build.0 = Debug|Any CPU
		{DAA6D0E8-4F53-4852-8070-8A077FD88CF6}.Release|Any CPU.ActiveCfg = Release|Any CPU
		{DAA6D0E8-4F53-4852-8070-8A077FD88CF6}.Release|Any CPU.Build.0 = Release|Any CPU
	EndGlobalSection
	GlobalSection(SolutionProperties) = preSolution
		HideSolutionNode = FALSE
	EndGlobalSection
	GlobalSection(ExtensibilityGlobals) = postSolution
		SolutionGuid = {78D70713-BFA7-4309-8E1E-0F30650D6AC6}
	EndGlobalSection
EndGlobal
